github.com/oarkflow/fh v0.0.14 h1:1+vahkgGj7KJX2mKX/fxafEXr4P6GQtE/QzUKVpYfUI=
github.com/oarkflow/fh v0.0.14/go.mod h1:QEwj0yecHRKBp8aF4VoWIOLFRLtZU9MOJ/ja79UNtOY=
github.com/oarkflow/interpreter v0.0.12 h1:iPCGp2/RDbdQRv+Q5yW8JaCEvXkmcmZkw3UiD7dcRps=
github.com/oarkflow/interpreter v0.0.12/go.mod h1:sCqr8DQOh7zIjAmim7WtVygk79nxmpT0l0b8F5ZUmfI=
